
Microsoft Visual Studio Solution File, Format Version 12.00
# Visual Studio Version 16
VisualStudioVersion = 16.0.30503.244
MinimumVisualStudioVersion = 10.0.40219.1
Project("{FAE04EC0-301F-11D3-BF4B-00C04F79EFBC}") = "lzuj9f_week04", "lzuj9f_week04\lzuj9f_week04.csproj", "{D6E9844A-52EF-4F9F-87CD-4680485E5684}"
EndProject
Global
	GlobalSection(SolutionConfigurationPlatforms) = preSolution
		Debug|Any CPU = Debug|Any CPU
		Release|Any CPU = Release|Any CPU
	EndGlobalSection
	GlobalSection(ProjectConfigurationPlatforms) = postSolution
		{D6E9844A-52EF-4F9F-87CD-4680485E5684}.Debug|Any CPU.ActiveCfg = Debug|Any CPU
		{D6E9844A-52EF-4F9F-87CD-4680485E5684}.Debug|Any CPU.Build.0 = Debug|Any CPU
		{D6E9844A-52EF-4F9F-87CD-4680485E5684}.Release|Any CPU.ActiveCfg = Release|Any CPU
		{D6E9844A-52EF-4F9F-87CD-4680485E5684}.Release|Any CPU.Build.0 = Release|Any CPU
	EndGlobalSection
	GlobalSection(SolutionProperties) = preSolution
		HideSolutionNode = FALSE
	EndGlobalSection
	GlobalSection(ExtensibilityGlobals) = postSolution
		SolutionGuid = {3CAE1909-225C-4C4A-A87C-A532A7A15438}
	EndGlobalSection
EndGlobal
